
Microsoft Visual Studio Solution File, Format Version 12.00
# Visual Studio Version 17
VisualStudioVersion = 17.8.34330.188
MinimumVisualStudioVersion = 10.0.40219.1
Project("{9A19103F-16F7-4668-BE54-9A1E7A4F7556}") = "API", "API\API.csproj", "{DCCE9AC2-1699-4A51-8DA2-3BEB7637CF10}"
EndProject
Project("{9A19103F-16F7-4668-BE54-9A1E7A4F7556}") = "DataAccess", "DataAccess\DataAccess.csproj", "{0509D367-DDB5-4B16-8999-628D609056B4}"
EndProject
Project("{FAE04EC0-301F-11D3-BF4B-00C04F79EFBC}") = "Business", "Business\Business.csproj", "{BA83A00F-5D01-45F8-A24C-5C34026F0C10}"
EndProject
Global
	GlobalSection(SolutionConfigurationPlatforms) = preSolution
		Debug|Any CPU = Debug|Any CPU
		Release|Any CPU = Release|Any CPU
	EndGlobalSection
	GlobalSection(ProjectConfigurationPlatforms) = postSolution
		{DCCE9AC2-1699-4A51-8DA2-3BEB7637CF10}.Debug|Any CPU.ActiveCfg = Debug|Any CPU
		{DCCE9AC2-1699-4A51-8DA2-3BEB7637CF10}.Debug|Any CPU.Build.0 = Debug|Any CPU
		{DCCE9AC2-1699-4A51-8DA2-3BEB7637CF10}.Release|Any CPU.ActiveCfg = Release|Any CPU
		{DCCE9AC2-1699-4A51-8DA2-3BEB7637CF10}.Release|Any CPU.Build.0 = Release|Any CPU
		{0509D367-DDB5-4B16-8999-628D609056B4}.Debug|Any CPU.ActiveCfg = Debug|Any CPU
		{0509D367-DDB5-4B16-8999-628D609056B4}.Debug|Any CPU.Build.0 = Debug|Any CPU
		{0509D367-DDB5-4B16-8999-628D609056B4}.Release|Any CPU.ActiveCfg = Release|Any CPU
		{0509D367-DDB5-4B16-8999-628D609056B4}.Release|Any CPU.Build.0 = Release|Any CPU
		{BA83A00F-5D01-45F8-A24C-5C34026F0C10}.Debug|Any CPU.ActiveCfg = Debug|Any CPU
		{BA83A00F-5D01-45F8-A24C-5C34026F0C10}.Debug|Any CPU.Build.0 = Debug|Any CPU
		{BA83A00F-5D01-45F8-A24C-5C34026F0C10}.Release|Any CPU.ActiveCfg = Release|Any CPU
		{BA83A00F-5D01-45F8-A24C-5C34026F0C10}.Release|Any CPU.Build.0 = Release|Any CPU
	EndGlobalSection
	GlobalSection(SolutionProperties) = preSolution
		HideSolutionNode = FALSE
	EndGlobalSection
	GlobalSection(ExtensibilityGlobals) = postSolution
		SolutionGuid = {2578002E-C061-47D5-A1BE-ADADD869819C}
	EndGlobalSection
EndGlobal
